
Microsoft Visual Studio Solution File, Format Version 12.00
# Visual Studio Version 17
VisualStudioVersion = 17.0.32112.339
MinimumVisualStudioVersion = 10.0.40219.1
Project("{FAE04EC0-301F-11D3-BF4B-00C04F79EFBC}") = "ConsoleApp1", "ConsoleApp1\ConsoleApp1.csproj", "{1E23956E-7B3A-4BDD-959F-C269B32E867A}"
EndProject
Project("{FAE04EC0-301F-11D3-BF4B-00C04F79EFBC}") = "ConsoleApp2", "ConsoleApp2\ConsoleApp2.csproj", "{800B3D1E-7947-45FB-AD53-CE2036427B23}"
EndProject
Project("{FAE04EC0-301F-11D3-BF4B-00C04F79EFBC}") = "ConsoleApp3", "ConsoleApp3\ConsoleApp3.csproj", "{9A5480F0-31F6-421C-BF59-3CEDDCCB4374}"
EndProject
Global
	GlobalSection(SolutionConfigurationPlatforms) = preSolution
		Debug|Any CPU = Debug|Any CPU
		Release|Any CPU = Release|Any CPU
	EndGlobalSection
	GlobalSection(ProjectConfigurationPlatforms) = postSolution
		{1E23956E-7B3A-4BDD-959F-C269B32E867A}.Debug|Any CPU.ActiveCfg = Debug|Any CPU
		{1E23956E-7B3A-4BDD-959F-C269B32E867A}.Debug|Any CPU.Build.0 = Debug|Any CPU
		{1E23956E-7B3A-4BDD-959F-C269B32E867A}.Release|Any CPU.ActiveCfg = Release|Any CPU
		{1E23956E-7B3A-4BDD-959F-C269B32E867A}.Release|Any CPU.Build.0 = Release|Any CPU
		{800B3D1E-7947-45FB-AD53-CE2036427B23}.Debug|Any CPU.ActiveCfg = Debug|Any CPU
		{800B3D1E-7947-45FB-AD53-CE2036427B23}.Debug|Any CPU.Build.0 = Debug|Any CPU
		{800B3D1E-7947-45FB-AD53-CE2036427B23}.Release|Any CPU.ActiveCfg = Release|Any CPU
		{800B3D1E-7947-45FB-AD53-CE2036427B23}.Release|Any CPU.Build.0 = Release|Any CPU
		{9A5480F0-31F6-421C-BF59-3CEDDCCB4374}.Debug|Any CPU.ActiveCfg = Debug|Any CPU
		{9A5480F0-31F6-421C-BF59-3CEDDCCB4374}.Debug|Any CPU.Build.0 = Debug|Any CPU
		{9A5480F0-31F6-421C-BF59-3CEDDCCB4374}.Release|Any CPU.ActiveCfg = Release|Any CPU
		{9A5480F0-31F6-421C-BF59-3CEDDCCB4374}.Release|Any CPU.Build.0 = Release|Any CPU
	EndGlobalSection
	GlobalSection(SolutionProperties) = preSolution
		HideSolutionNode = FALSE
	EndGlobalSection
	GlobalSection(ExtensibilityGlobals) = postSolution
		SolutionGuid = {EFC543BD-9F71-4EBB-82F0-A94EAFDEF07F}
	EndGlobalSection
EndGlobal
