
Microsoft Visual Studio Solution File, Format Version 12.00
# Visual Studio Version 17
VisualStudioVersion = 17.2.32516.85
MinimumVisualStudioVersion = 10.0.40219.1
Project("{FAE04EC0-301F-11D3-BF4B-00C04F79EFBC}") = "P01. Count Same Values in Array", "P01. Count Same Values in Array\P01. Count Same Values in Array.csproj", "{CD3173E2-AB38-4741-881D-78A13E887D4B}"
EndProject
Project("{FAE04EC0-301F-11D3-BF4B-00C04F79EFBC}") = "P02. Average Student Grades", "P02. Average Student Grades\P02. Average Student Grades.csproj", "{2EB22D51-669C-41E0-A06A-4294538AD15A}"
EndProject
Project("{FAE04EC0-301F-11D3-BF4B-00C04F79EFBC}") = "P03. Largest 3 Numbers", "P03. Largest 3 Numbers\P03. Largest 3 Numbers.csproj", "{F2E06938-3DD5-41A8-B790-F429410291C5}"
EndProject
Project("{FAE04EC0-301F-11D3-BF4B-00C04F79EFBC}") = "P04. Product Shop", "P04. Product Shop\P04. Product Shop.csproj", "{15D8878C-A2C2-4B93-9C75-23D42A7D44FC}"
EndProject
Project("{FAE04EC0-301F-11D3-BF4B-00C04F79EFBC}") = "P05. Cities by Continent and Country", "P05. Cities by Continent and Country\P05. Cities by Continent and Country.csproj", "{678A33E1-B16C-454F-9279-F1D844757367}"
EndProject
Project("{FAE04EC0-301F-11D3-BF4B-00C04F79EFBC}") = "P06. Record Unique Names", "P06. Record Unique Names\P06. Record Unique Names.csproj", "{1BE87F89-3EF6-4E8B-9EE9-1A114473B412}"
EndProject
Project("{FAE04EC0-301F-11D3-BF4B-00C04F79EFBC}") = "P07. Parking Lot", "P07. Parking Lot\P07. Parking Lot.csproj", "{7172C5DA-7F03-452D-9C85-F474B7325A37}"
EndProject
Project("{FAE04EC0-301F-11D3-BF4B-00C04F79EFBC}") = "P08. SoftUni Party", "P08. SoftUni Party\P08. SoftUni Party.csproj", "{482A80B4-2289-417A-95BE-0A7867466341}"
EndProject
Global
	GlobalSection(SolutionConfigurationPlatforms) = preSolution
		Debug|Any CPU = Debug|Any CPU
		Release|Any CPU = Release|Any CPU
	EndGlobalSection
	GlobalSection(ProjectConfigurationPlatforms) = postSolution
		{CD3173E2-AB38-4741-881D-78A13E887D4B}.Debug|Any CPU.ActiveCfg = Debug|Any CPU
		{CD3173E2-AB38-4741-881D-78A13E887D4B}.Debug|Any CPU.Build.0 = Debug|Any CPU
		{CD3173E2-AB38-4741-881D-78A13E887D4B}.Release|Any CPU.ActiveCfg = Release|Any CPU
		{CD3173E2-AB38-4741-881D-78A13E887D4B}.Release|Any CPU.Build.0 = Release|Any CPU
		{2EB22D51-669C-41E0-A06A-4294538AD15A}.Debug|Any CPU.ActiveCfg = Debug|Any CPU
		{2EB22D51-669C-41E0-A06A-4294538AD15A}.Debug|Any CPU.Build.0 = Debug|Any CPU
		{2EB22D51-669C-41E0-A06A-4294538AD15A}.Release|Any CPU.ActiveCfg = Release|Any CPU
		{2EB22D51-669C-41E0-A06A-4294538AD15A}.Release|Any CPU.Build.0 = Release|Any CPU
		{F2E06938-3DD5-41A8-B790-F429410291C5}.Debug|Any CPU.ActiveCfg = Debug|Any CPU
		{F2E06938-3DD5-41A8-B790-F429410291C5}.Debug|Any CPU.Build.0 = Debug|Any CPU
		{F2E06938-3DD5-41A8-B790-F429410291C5}.Release|Any CPU.ActiveCfg = Release|Any CPU
		{F2E06938-3DD5-41A8-B790-F429410291C5}.Release|Any CPU.Build.0 = Release|Any CPU
		{15D8878C-A2C2-4B93-9C75-23D42A7D44FC}.Debug|Any CPU.ActiveCfg = Debug|Any CPU
		{15D8878C-A2C2-4B93-9C75-23D42A7D44FC}.Debug|Any CPU.Build.0 = Debug|Any CPU
		{15D8878C-A2C2-4B93-9C75-23D42A7D44FC}.Release|Any CPU.ActiveCfg = Release|Any CPU
		{15D8878C-A2C2-4B93-9C75-23D42A7D44FC}.Release|Any CPU.Build.0 = Release|Any CPU
		{678A33E1-B16C-454F-9279-F1D844757367}.Debug|Any CPU.ActiveCfg = Debug|Any CPU
		{678A33E1-B16C-454F-9279-F1D844757367}.Debug|Any CPU.Build.0 = Debug|Any CPU
		{678A33E1-B16C-454F-9279-F1D844757367}.Release|Any CPU.ActiveCfg = Release|Any CPU
		{678A33E1-B16C-454F-9279-F1D844757367}.Release|Any CPU.Build.0 = Release|Any CPU
		{1BE87F89-3EF6-4E8B-9EE9-1A114473B412}.Debug|Any CPU.ActiveCfg = Debug|Any CPU
		{1BE87F89-3EF6-4E8B-9EE9-1A114473B412}.Debug|Any CPU.Build.0 = Debug|Any CPU
		{1BE87F89-3EF6-4E8B-9EE9-1A114473B412}.Release|Any CPU.ActiveCfg = Release|Any CPU
		{1BE87F89-3EF6-4E8B-9EE9-1A114473B412}.Release|Any CPU.Build.0 = Release|Any CPU
		{7172C5DA-7F03-452D-9C85-F474B7325A37}.Debug|Any CPU.ActiveCfg = Debug|Any CPU
		{7172C5DA-7F03-452D-9C85-F474B7325A37}.Debug|Any CPU.Build.0 = Debug|Any CPU
		{7172C5DA-7F03-452D-9C85-F474B7325A37}.Release|Any CPU.ActiveCfg = Release|Any CPU
		{7172C5DA-7F03-452D-9C85-F474B7325A37}.Release|Any CPU.Build.0 = Release|Any CPU
		{482A80B4-2289-417A-95BE-0A7867466341}.Debug|Any CPU.ActiveCfg = Debug|Any CPU
		{482A80B4-2289-417A-95BE-0A7867466341}.Debug|Any CPU.Build.0 = Debug|Any CPU
		{482A80B4-2289-417A-95BE-0A7867466341}.Release|Any CPU.ActiveCfg = Release|Any CPU
		{482A80B4-2289-417A-95BE-0A7867466341}.Release|Any CPU.Build.0 = Release|Any CPU
	EndGlobalSection
	GlobalSection(SolutionProperties) = preSolution
		HideSolutionNode = FALSE
	EndGlobalSection
	GlobalSection(ExtensibilityGlobals) = postSolution
		SolutionGuid = {8BF1AD3E-AE07-4146-A3D5-497DC5547479}
	EndGlobalSection
EndGlobal
