
Microsoft Visual Studio Solution File, Format Version 12.00
# Visual Studio Version 17
VisualStudioVersion = 17.1.32210.238
MinimumVisualStudioVersion = 10.0.40219.1
Project("{FAE04EC0-301F-11D3-BF4B-00C04F79EFBC}") = "P01.Day of the week", "P01.Day of the week\P01.Day of the week.csproj", "{3AEFB3F4-A941-4CE9-A43A-687F37A3B19A}"
EndProject
Project("{FAE04EC0-301F-11D3-BF4B-00C04F79EFBC}") = "P02.Weekend or working day", "P02.Weekend or working day\P02.Weekend or working day.csproj", "{C75ADFD1-F90D-4C24-B425-5EC6F69C7457}"
EndProject
Project("{FAE04EC0-301F-11D3-BF4B-00C04F79EFBC}") = "P03.Animal class", "P03.Animal class\P03.Animal class.csproj", "{BB0D99A4-8074-45E4-BBFF-0A96D99A9215}"
EndProject
Project("{FAE04EC0-301F-11D3-BF4B-00C04F79EFBC}") = "P04.Address by age and gender", "P04.Address by age and gender\P04.Address by age and gender.csproj", "{C6A543BC-C47E-48FA-BF5A-F3EAC92644CC}"
EndProject
Project("{FAE04EC0-301F-11D3-BF4B-00C04F79EFBC}") = "P05.Neighborhood shop", "P05.Neighborhood shop\P05.Neighborhood shop.csproj", "{126ADCFB-EB9B-46C4-8AFD-E924D096EB3B}"
EndProject
Project("{FAE04EC0-301F-11D3-BF4B-00C04F79EFBC}") = "P06.Number in the interval", "P06.Number in the interval\P06.Number in the interval.csproj", "{0D1D4602-C091-4FFB-8451-47BFF7F316DB}"
EndProject
Project("{FAE04EC0-301F-11D3-BF4B-00C04F79EFBC}") = "P07.Work time", "P07.Work time\P07.Work time.csproj", "{3C9E3514-9D2C-421E-9DC5-AA994D7D65F6}"
EndProject
Project("{FAE04EC0-301F-11D3-BF4B-00C04F79EFBC}") = "P08.Movie ticket", "P08.Movie ticket\P08.Movie ticket.csproj", "{A5B92D52-22CA-4DF0-A449-ACA006B1C17D}"
EndProject
Project("{FAE04EC0-301F-11D3-BF4B-00C04F79EFBC}") = "P09.Fruit or vegetable", "P09.Fruit or vegetable\P09.Fruit or vegetable.csproj", "{115A1F6D-AA7A-4CA5-B012-F2580E8785A0}"
EndProject
Project("{FAE04EC0-301F-11D3-BF4B-00C04F79EFBC}") = "P10.Invalid number", "P10.Invalid number\P10.Invalid number.csproj", "{E8C8612E-CAD6-4D7A-8C57-DAE5192F2CFA}"
EndProject
Project("{FAE04EC0-301F-11D3-BF4B-00C04F79EFBC}") = "P11.Fruit store", "P11.Fruit store\P11.Fruit store.csproj", "{F2C4C326-57E0-4F3E-B1CA-0B16E97EB2C8}"
EndProject
Project("{FAE04EC0-301F-11D3-BF4B-00C04F79EFBC}") = "P12.Trade commissions", "P12.Trade commissions\P12.Trade commissions.csproj", "{CA64021F-1B45-460C-9B87-8370E36ABAAE}"
EndProject
Global
	GlobalSection(SolutionConfigurationPlatforms) = preSolution
		Debug|Any CPU = Debug|Any CPU
		Release|Any CPU = Release|Any CPU
	EndGlobalSection
	GlobalSection(ProjectConfigurationPlatforms) = postSolution
		{3AEFB3F4-A941-4CE9-A43A-687F37A3B19A}.Debug|Any CPU.ActiveCfg = Debug|Any CPU
		{3AEFB3F4-A941-4CE9-A43A-687F37A3B19A}.Debug|Any CPU.Build.0 = Debug|Any CPU
		{3AEFB3F4-A941-4CE9-A43A-687F37A3B19A}.Release|Any CPU.ActiveCfg = Release|Any CPU
		{3AEFB3F4-A941-4CE9-A43A-687F37A3B19A}.Release|Any CPU.Build.0 = Release|Any CPU
		{C75ADFD1-F90D-4C24-B425-5EC6F69C7457}.Debug|Any CPU.ActiveCfg = Debug|Any CPU
		{C75ADFD1-F90D-4C24-B425-5EC6F69C7457}.Debug|Any CPU.Build.0 = Debug|Any CPU
		{C75ADFD1-F90D-4C24-B425-5EC6F69C7457}.Release|Any CPU.ActiveCfg = Release|Any CPU
		{C75ADFD1-F90D-4C24-B425-5EC6F69C7457}.Release|Any CPU.Build.0 = Release|Any CPU
		{BB0D99A4-8074-45E4-BBFF-0A96D99A9215}.Debug|Any CPU.ActiveCfg = Debug|Any CPU
		{BB0D99A4-8074-45E4-BBFF-0A96D99A9215}.Debug|Any CPU.Build.0 = Debug|Any CPU
		{BB0D99A4-8074-45E4-BBFF-0A96D99A9215}.Release|Any CPU.ActiveCfg = Release|Any CPU
		{BB0D99A4-8074-45E4-BBFF-0A96D99A9215}.Release|Any CPU.Build.0 = Release|Any CPU
		{C6A543BC-C47E-48FA-BF5A-F3EAC92644CC}.Debug|Any CPU.ActiveCfg = Debug|Any CPU
		{C6A543BC-C47E-48FA-BF5A-F3EAC92644CC}.Debug|Any CPU.Build.0 = Debug|Any CPU
		{C6A543BC-C47E-48FA-BF5A-F3EAC92644CC}.Release|Any CPU.ActiveCfg = Release|Any CPU
		{C6A543BC-C47E-48FA-BF5A-F3EAC92644CC}.Release|Any CPU.Build.0 = Release|Any CPU
		{126ADCFB-EB9B-46C4-8AFD-E924D096EB3B}.Debug|Any CPU.ActiveCfg = Debug|Any CPU
		{126ADCFB-EB9B-46C4-8AFD-E924D096EB3B}.Debug|Any CPU.Build.0 = Debug|Any CPU
		{126ADCFB-EB9B-46C4-8AFD-E924D096EB3B}.Release|Any CPU.ActiveCfg = Release|Any CPU
		{126ADCFB-EB9B-46C4-8AFD-E924D096EB3B}.Release|Any CPU.Build.0 = Release|Any CPU
		{0D1D4602-C091-4FFB-8451-47BFF7F316DB}.Debug|Any CPU.ActiveCfg = Debug|Any CPU
		{0D1D4602-C091-4FFB-8451-47BFF7F316DB}.Debug|Any CPU.Build.0 = Debug|Any CPU
		{0D1D4602-C091-4FFB-8451-47BFF7F316DB}.Release|Any CPU.ActiveCfg = Release|Any CPU
		{0D1D4602-C091-4FFB-8451-47BFF7F316DB}.Release|Any CPU.Build.0 = Release|Any CPU
		{3C9E3514-9D2C-421E-9DC5-AA994D7D65F6}.Debug|Any CPU.ActiveCfg = Debug|Any CPU
		{3C9E3514-9D2C-421E-9DC5-AA994D7D65F6}.Debug|Any CPU.Build.0 = Debug|Any CPU
		{3C9E3514-9D2C-421E-9DC5-AA994D7D65F6}.Release|Any CPU.ActiveCfg = Release|Any CPU
		{3C9E3514-9D2C-421E-9DC5-AA994D7D65F6}.Release|Any CPU.Build.0 = Release|Any CPU
		{A5B92D52-22CA-4DF0-A449-ACA006B1C17D}.Debug|Any CPU.ActiveCfg = Debug|Any CPU
		{A5B92D52-22CA-4DF0-A449-ACA006B1C17D}.Debug|Any CPU.Build.0 = Debug|Any CPU
		{A5B92D52-22CA-4DF0-A449-ACA006B1C17D}.Release|Any CPU.ActiveCfg = Release|Any CPU
		{A5B92D52-22CA-4DF0-A449-ACA006B1C17D}.Release|Any CPU.Build.0 = Release|Any CPU
		{115A1F6D-AA7A-4CA5-B012-F2580E8785A0}.Debug|Any CPU.ActiveCfg = Debug|Any CPU
		{115A1F6D-AA7A-4CA5-B012-F2580E8785A0}.Debug|Any CPU.Build.0 = Debug|Any CPU
		{115A1F6D-AA7A-4CA5-B012-F2580E8785A0}.Release|Any CPU.ActiveCfg = Release|Any CPU
		{115A1F6D-AA7A-4CA5-B012-F2580E8785A0}.Release|Any CPU.Build.0 = Release|Any CPU
		{E8C8612E-CAD6-4D7A-8C57-DAE5192F2CFA}.Debug|Any CPU.ActiveCfg = Debug|Any CPU
		{E8C8612E-CAD6-4D7A-8C57-DAE5192F2CFA}.Debug|Any CPU.Build.0 = Debug|Any CPU
		{E8C8612E-CAD6-4D7A-8C57-DAE5192F2CFA}.Release|Any CPU.ActiveCfg = Release|Any CPU
		{E8C8612E-CAD6-4D7A-8C57-DAE5192F2CFA}.Release|Any CPU.Build.0 = Release|Any CPU
		{F2C4C326-57E0-4F3E-B1CA-0B16E97EB2C8}.Debug|Any CPU.ActiveCfg = Debug|Any CPU
		{F2C4C326-57E0-4F3E-B1CA-0B16E97EB2C8}.Debug|Any CPU.Build.0 = Debug|Any CPU
		{F2C4C326-57E0-4F3E-B1CA-0B16E97EB2C8}.Release|Any CPU.ActiveCfg = Release|Any CPU
		{F2C4C326-57E0-4F3E-B1CA-0B16E97EB2C8}.Release|Any CPU.Build.0 = Release|Any CPU
		{CA64021F-1B45-460C-9B87-8370E36ABAAE}.Debug|Any CPU.ActiveCfg = Debug|Any CPU
		{CA64021F-1B45-460C-9B87-8370E36ABAAE}.Debug|Any CPU.Build.0 = Debug|Any CPU
		{CA64021F-1B45-460C-9B87-8370E36ABAAE}.Release|Any CPU.ActiveCfg = Release|Any CPU
		{CA64021F-1B45-460C-9B87-8370E36ABAAE}.Release|Any CPU.Build.0 = Release|Any CPU
	EndGlobalSection
	GlobalSection(SolutionProperties) = preSolution
		HideSolutionNode = FALSE
	EndGlobalSection
	GlobalSection(ExtensibilityGlobals) = postSolution
		SolutionGuid = {4C5CDB76-A0B3-40FA-A6CE-F5AA3EAE2079}
	EndGlobalSection
EndGlobal
