
Microsoft Visual Studio Solution File, Format Version 12.00
# Visual Studio Version 17
VisualStudioVersion = 17.5.33530.505
MinimumVisualStudioVersion = 10.0.40219.1
Project("{FAE04EC0-301F-11D3-BF4B-00C04F79EFBC}") = "DemoASPNET", "DemoASPNET\DemoASPNET.csproj", "{076583EA-75C9-424C-BC36-1F9F4D88A53C}"
EndProject
Global
	GlobalSection(SolutionConfigurationPlatforms) = preSolution
		Debug|Any CPU = Debug|Any CPU
		Release|Any CPU = Release|Any CPU
	EndGlobalSection
	GlobalSection(ProjectConfigurationPlatforms) = postSolution
		{076583EA-75C9-424C-BC36-1F9F4D88A53C}.Debug|Any CPU.ActiveCfg = Debug|Any CPU
		{076583EA-75C9-424C-BC36-1F9F4D88A53C}.Debug|Any CPU.Build.0 = Debug|Any CPU
		{076583EA-75C9-424C-BC36-1F9F4D88A53C}.Release|Any CPU.ActiveCfg = Release|Any CPU
		{076583EA-75C9-424C-BC36-1F9F4D88A53C}.Release|Any CPU.Build.0 = Release|Any CPU
	EndGlobalSection
	GlobalSection(SolutionProperties) = preSolution
		HideSolutionNode = FALSE
	EndGlobalSection
	GlobalSection(ExtensibilityGlobals) = postSolution
		SolutionGuid = {70711957-1FF2-4EF1-A67D-6CC3CB64A889}
	EndGlobalSection
EndGlobal
