
Microsoft Visual Studio Solution File, Format Version 12.00
# Visual Studio Version 17
VisualStudioVersion = 17.1.32210.238
MinimumVisualStudioVersion = 10.0.40219.1
Project("{FAE04EC0-301F-11D3-BF4B-00C04F79EFBC}") = "P01.NumbersFrom1To100", "P01.NumbersFrom1To100\P01.NumbersFrom1To100.csproj", "{54432BF4-7278-460D-979B-9F9AB4C438EE}"
EndProject
Project("{FAE04EC0-301F-11D3-BF4B-00C04F79EFBC}") = "P02.NumbersFromNTo1InReverseOrder", "P02.NumbersFromNTo1InReverseOrder\P02.NumbersFromNTo1InReverseOrder.csproj", "{353E33FA-4E48-4278-AC02-16DA91706C5F}"
EndProject
Project("{FAE04EC0-301F-11D3-BF4B-00C04F79EFBC}") = "P03.NumbersFrom1ToNIn3", "P03.NumbersFrom1ToNIn3\P03.NumbersFrom1ToNIn3.csproj", "{5FC87B1D-9B51-45B7-98E7-DC37AECC4E17}"
EndProject
Project("{FAE04EC0-301F-11D3-BF4B-00C04F79EFBC}") = "P04.EvenDegreesOf2", "P04.EvenDegreesOf2\P04.EvenDegreesOf2.csproj", "{07EF7F00-7595-47D6-AFF9-EFCE5990617C}"
EndProject
Project("{FAE04EC0-301F-11D3-BF4B-00C04F79EFBC}") = "P05.StreamOfCharacters", "P05.StreamOfCharacters\P05.StreamOfCharacters.csproj", "{A3E9FF5C-AED3-450B-A27D-352E3EC891C8}"
EndProject
Project("{FAE04EC0-301F-11D3-BF4B-00C04F79EFBC}") = "P06.SummationOfVowels", "P06.SummationOfVowels\P06.SummationOfVowels.csproj", "{8F8DFE54-440A-4B44-8A02-7D6F6563C670}"
EndProject
Project("{FAE04EC0-301F-11D3-BF4B-00C04F79EFBC}") = "P07.SummationOfNumbers", "P07.SummationOfNumbers\P07.SummationOfNumbers.csproj", "{4CE53BF2-68F7-4FE1-A37C-8BFECA690AB3}"
EndProject
Project("{FAE04EC0-301F-11D3-BF4B-00C04F79EFBC}") = "P08.ANumberOfIntegers", "P08.ANumberOfIntegers\P08.ANumberOfIntegers.csproj", "{488B359F-BB6F-4EAE-A65A-D999142CE354}"
EndProject
Project("{FAE04EC0-301F-11D3-BF4B-00C04F79EFBC}") = "P09.LeftAndRightAmount", "P09.LeftAndRightAmount\P09.LeftAndRightAmount.csproj", "{FDF3E450-B98A-408A-A9EE-B660C078E8F0}"
EndProject
Project("{FAE04EC0-301F-11D3-BF4B-00C04F79EFBC}") = "P10.EvenOrOddAmount", "P10.EvenOrOddAmount\P10.EvenOrOddAmount.csproj", "{4A616F27-D9CD-41CC-87F4-0121B0A0E905}"
EndProject
Global
	GlobalSection(SolutionConfigurationPlatforms) = preSolution
		Debug|Any CPU = Debug|Any CPU
		Release|Any CPU = Release|Any CPU
	EndGlobalSection
	GlobalSection(ProjectConfigurationPlatforms) = postSolution
		{54432BF4-7278-460D-979B-9F9AB4C438EE}.Debug|Any CPU.ActiveCfg = Debug|Any CPU
		{54432BF4-7278-460D-979B-9F9AB4C438EE}.Debug|Any CPU.Build.0 = Debug|Any CPU
		{54432BF4-7278-460D-979B-9F9AB4C438EE}.Release|Any CPU.ActiveCfg = Release|Any CPU
		{54432BF4-7278-460D-979B-9F9AB4C438EE}.Release|Any CPU.Build.0 = Release|Any CPU
		{353E33FA-4E48-4278-AC02-16DA91706C5F}.Debug|Any CPU.ActiveCfg = Debug|Any CPU
		{353E33FA-4E48-4278-AC02-16DA91706C5F}.Debug|Any CPU.Build.0 = Debug|Any CPU
		{353E33FA-4E48-4278-AC02-16DA91706C5F}.Release|Any CPU.ActiveCfg = Release|Any CPU
		{353E33FA-4E48-4278-AC02-16DA91706C5F}.Release|Any CPU.Build.0 = Release|Any CPU
		{5FC87B1D-9B51-45B7-98E7-DC37AECC4E17}.Debug|Any CPU.ActiveCfg = Debug|Any CPU
		{5FC87B1D-9B51-45B7-98E7-DC37AECC4E17}.Debug|Any CPU.Build.0 = Debug|Any CPU
		{5FC87B1D-9B51-45B7-98E7-DC37AECC4E17}.Release|Any CPU.ActiveCfg = Release|Any CPU
		{5FC87B1D-9B51-45B7-98E7-DC37AECC4E17}.Release|Any CPU.Build.0 = Release|Any CPU
		{07EF7F00-7595-47D6-AFF9-EFCE5990617C}.Debug|Any CPU.ActiveCfg = Debug|Any CPU
		{07EF7F00-7595-47D6-AFF9-EFCE5990617C}.Debug|Any CPU.Build.0 = Debug|Any CPU
		{07EF7F00-7595-47D6-AFF9-EFCE5990617C}.Release|Any CPU.ActiveCfg = Release|Any CPU
		{07EF7F00-7595-47D6-AFF9-EFCE5990617C}.Release|Any CPU.Build.0 = Release|Any CPU
		{A3E9FF5C-AED3-450B-A27D-352E3EC891C8}.Debug|Any CPU.ActiveCfg = Debug|Any CPU
		{A3E9FF5C-AED3-450B-A27D-352E3EC891C8}.Debug|Any CPU.Build.0 = Debug|Any CPU
		{A3E9FF5C-AED3-450B-A27D-352E3EC891C8}.Release|Any CPU.ActiveCfg = Release|Any CPU
		{A3E9FF5C-AED3-450B-A27D-352E3EC891C8}.Release|Any CPU.Build.0 = Release|Any CPU
		{8F8DFE54-440A-4B44-8A02-7D6F6563C670}.Debug|Any CPU.ActiveCfg = Debug|Any CPU
		{8F8DFE54-440A-4B44-8A02-7D6F6563C670}.Debug|Any CPU.Build.0 = Debug|Any CPU
		{8F8DFE54-440A-4B44-8A02-7D6F6563C670}.Release|Any CPU.ActiveCfg = Release|Any CPU
		{8F8DFE54-440A-4B44-8A02-7D6F6563C670}.Release|Any CPU.Build.0 = Release|Any CPU
		{4CE53BF2-68F7-4FE1-A37C-8BFECA690AB3}.Debug|Any CPU.ActiveCfg = Debug|Any CPU
		{4CE53BF2-68F7-4FE1-A37C-8BFECA690AB3}.Debug|Any CPU.Build.0 = Debug|Any CPU
		{4CE53BF2-68F7-4FE1-A37C-8BFECA690AB3}.Release|Any CPU.ActiveCfg = Release|Any CPU
		{4CE53BF2-68F7-4FE1-A37C-8BFECA690AB3}.Release|Any CPU.Build.0 = Release|Any CPU
		{488B359F-BB6F-4EAE-A65A-D999142CE354}.Debug|Any CPU.ActiveCfg = Debug|Any CPU
		{488B359F-BB6F-4EAE-A65A-D999142CE354}.Debug|Any CPU.Build.0 = Debug|Any CPU
		{488B359F-BB6F-4EAE-A65A-D999142CE354}.Release|Any CPU.ActiveCfg = Release|Any CPU
		{488B359F-BB6F-4EAE-A65A-D999142CE354}.Release|Any CPU.Build.0 = Release|Any CPU
		{FDF3E450-B98A-408A-A9EE-B660C078E8F0}.Debug|Any CPU.ActiveCfg = Debug|Any CPU
		{FDF3E450-B98A-408A-A9EE-B660C078E8F0}.Debug|Any CPU.Build.0 = Debug|Any CPU
		{FDF3E450-B98A-408A-A9EE-B660C078E8F0}.Release|Any CPU.ActiveCfg = Release|Any CPU
		{FDF3E450-B98A-408A-A9EE-B660C078E8F0}.Release|Any CPU.Build.0 = Release|Any CPU
		{4A616F27-D9CD-41CC-87F4-0121B0A0E905}.Debug|Any CPU.ActiveCfg = Debug|Any CPU
		{4A616F27-D9CD-41CC-87F4-0121B0A0E905}.Debug|Any CPU.Build.0 = Debug|Any CPU
		{4A616F27-D9CD-41CC-87F4-0121B0A0E905}.Release|Any CPU.ActiveCfg = Release|Any CPU
		{4A616F27-D9CD-41CC-87F4-0121B0A0E905}.Release|Any CPU.Build.0 = Release|Any CPU
	EndGlobalSection
	GlobalSection(SolutionProperties) = preSolution
		HideSolutionNode = FALSE
	EndGlobalSection
	GlobalSection(ExtensibilityGlobals) = postSolution
		SolutionGuid = {C9BEF038-C7EE-4B2E-A406-56D6F93062D7}
	EndGlobalSection
EndGlobal
