
Microsoft Visual Studio Solution File, Format Version 12.00
# Visual Studio Version 17
VisualStudioVersion = 17.2.32602.215
MinimumVisualStudioVersion = 10.0.40219.1
Project("{FAE04EC0-301F-11D3-BF4B-00C04F79EFBC}") = "P01.ClassBoxData", "P01.ClassBoxData\P01.ClassBoxData.csproj", "{7928F61F-CBED-4F40-8974-AB0EF12B46AA}"
EndProject
Project("{FAE04EC0-301F-11D3-BF4B-00C04F79EFBC}") = "P02.AnimalFarm", "P02.AnimalFarm\P02.AnimalFarm.csproj", "{565EFD78-000A-4CFA-8A3F-AEFC087DFC57}"
EndProject
Project("{FAE04EC0-301F-11D3-BF4B-00C04F79EFBC}") = "P03.ShoppingSpree", "P03.ShoppingSpree\P03.ShoppingSpree.csproj", "{5809AFFF-24A2-4E50-B21F-01CF1EF3CE59}"
EndProject
Project("{FAE04EC0-301F-11D3-BF4B-00C04F79EFBC}") = "P04.PizzaCalories", "P04.PizzaCalories\P04.PizzaCalories.csproj", "{A444C6AA-DDE1-452C-A0DD-F48999DA1097}"
EndProject
Global
	GlobalSection(SolutionConfigurationPlatforms) = preSolution
		Debug|Any CPU = Debug|Any CPU
		Release|Any CPU = Release|Any CPU
	EndGlobalSection
	GlobalSection(ProjectConfigurationPlatforms) = postSolution
		{7928F61F-CBED-4F40-8974-AB0EF12B46AA}.Debug|Any CPU.ActiveCfg = Debug|Any CPU
		{7928F61F-CBED-4F40-8974-AB0EF12B46AA}.Debug|Any CPU.Build.0 = Debug|Any CPU
		{7928F61F-CBED-4F40-8974-AB0EF12B46AA}.Release|Any CPU.ActiveCfg = Release|Any CPU
		{7928F61F-CBED-4F40-8974-AB0EF12B46AA}.Release|Any CPU.Build.0 = Release|Any CPU
		{565EFD78-000A-4CFA-8A3F-AEFC087DFC57}.Debug|Any CPU.ActiveCfg = Debug|Any CPU
		{565EFD78-000A-4CFA-8A3F-AEFC087DFC57}.Debug|Any CPU.Build.0 = Debug|Any CPU
		{565EFD78-000A-4CFA-8A3F-AEFC087DFC57}.Release|Any CPU.ActiveCfg = Release|Any CPU
		{565EFD78-000A-4CFA-8A3F-AEFC087DFC57}.Release|Any CPU.Build.0 = Release|Any CPU
		{5809AFFF-24A2-4E50-B21F-01CF1EF3CE59}.Debug|Any CPU.ActiveCfg = Debug|Any CPU
		{5809AFFF-24A2-4E50-B21F-01CF1EF3CE59}.Debug|Any CPU.Build.0 = Debug|Any CPU
		{5809AFFF-24A2-4E50-B21F-01CF1EF3CE59}.Release|Any CPU.ActiveCfg = Release|Any CPU
		{5809AFFF-24A2-4E50-B21F-01CF1EF3CE59}.Release|Any CPU.Build.0 = Release|Any CPU
		{A444C6AA-DDE1-452C-A0DD-F48999DA1097}.Debug|Any CPU.ActiveCfg = Debug|Any CPU
		{A444C6AA-DDE1-452C-A0DD-F48999DA1097}.Debug|Any CPU.Build.0 = Debug|Any CPU
		{A444C6AA-DDE1-452C-A0DD-F48999DA1097}.Release|Any CPU.ActiveCfg = Release|Any CPU
		{A444C6AA-DDE1-452C-A0DD-F48999DA1097}.Release|Any CPU.Build.0 = Release|Any CPU
	EndGlobalSection
	GlobalSection(SolutionProperties) = preSolution
		HideSolutionNode = FALSE
	EndGlobalSection
	GlobalSection(ExtensibilityGlobals) = postSolution
		SolutionGuid = {4A80A173-661B-4455-8ECA-891B01D16CE5}
	EndGlobalSection
EndGlobal
