
Microsoft Visual Studio Solution File, Format Version 12.00
# Visual Studio Version 17
VisualStudioVersion = 17.0.32112.339
MinimumVisualStudioVersion = 10.0.40219.1
Project("{FAE04EC0-301F-11D3-BF4B-00C04F79EFBC}") = "P01. Train", "P01. Train\P01. Train.csproj", "{2210BC90-640E-4800-B468-E1907330E054}"
EndProject
Project("{FAE04EC0-301F-11D3-BF4B-00C04F79EFBC}") = "P02. Common Elements", "P02. Common Elements\P02. Common Elements.csproj", "{CF578178-0E06-4BAC-853F-2612E585475A}"
EndProject
Project("{FAE04EC0-301F-11D3-BF4B-00C04F79EFBC}") = "P03. Zig-Zag Arrays", "P03. Zig-Zag Arrays\P03. Zig-Zag Arrays.csproj", "{B5C18E97-9872-49FA-A40E-77452191D6CB}"
EndProject
Project("{FAE04EC0-301F-11D3-BF4B-00C04F79EFBC}") = "P04. Array Rotation", "P04. Array Rotation\P04. Array Rotation.csproj", "{40C3308B-5065-42CF-A410-6F14916E5348}"
EndProject
Project("{FAE04EC0-301F-11D3-BF4B-00C04F79EFBC}") = "P05. Top Integers", "P05. Top Integers\P05. Top Integers.csproj", "{7BD71C1A-E948-41F6-BAAA-78348F5C8C4D}"
EndProject
Project("{FAE04EC0-301F-11D3-BF4B-00C04F79EFBC}") = "P06. Equal Sums", "P06. Equal Sums\P06. Equal Sums.csproj", "{972EA3DA-A5BD-4866-A169-9AFE432F262B}"
EndProject
Project("{FAE04EC0-301F-11D3-BF4B-00C04F79EFBC}") = "P07. Max Sequence of Equal Elements", "P07. Max Sequence of Equal Elements\P07. Max Sequence of Equal Elements.csproj", "{798D4A18-FE62-4521-8DD9-DEDA2E2FB70B}"
EndProject
Project("{FAE04EC0-301F-11D3-BF4B-00C04F79EFBC}") = "P08. Magic Sum", "P08. Magic Sum\P08. Magic Sum.csproj", "{0351145F-591B-497E-AA50-EC7076F4849C}"
EndProject
Global
	GlobalSection(SolutionConfigurationPlatforms) = preSolution
		Debug|Any CPU = Debug|Any CPU
		Release|Any CPU = Release|Any CPU
	EndGlobalSection
	GlobalSection(ProjectConfigurationPlatforms) = postSolution
		{2210BC90-640E-4800-B468-E1907330E054}.Debug|Any CPU.ActiveCfg = Debug|Any CPU
		{2210BC90-640E-4800-B468-E1907330E054}.Debug|Any CPU.Build.0 = Debug|Any CPU
		{2210BC90-640E-4800-B468-E1907330E054}.Release|Any CPU.ActiveCfg = Release|Any CPU
		{2210BC90-640E-4800-B468-E1907330E054}.Release|Any CPU.Build.0 = Release|Any CPU
		{CF578178-0E06-4BAC-853F-2612E585475A}.Debug|Any CPU.ActiveCfg = Debug|Any CPU
		{CF578178-0E06-4BAC-853F-2612E585475A}.Debug|Any CPU.Build.0 = Debug|Any CPU
		{CF578178-0E06-4BAC-853F-2612E585475A}.Release|Any CPU.ActiveCfg = Release|Any CPU
		{CF578178-0E06-4BAC-853F-2612E585475A}.Release|Any CPU.Build.0 = Release|Any CPU
		{B5C18E97-9872-49FA-A40E-77452191D6CB}.Debug|Any CPU.ActiveCfg = Debug|Any CPU
		{B5C18E97-9872-49FA-A40E-77452191D6CB}.Debug|Any CPU.Build.0 = Debug|Any CPU
		{B5C18E97-9872-49FA-A40E-77452191D6CB}.Release|Any CPU.ActiveCfg = Release|Any CPU
		{B5C18E97-9872-49FA-A40E-77452191D6CB}.Release|Any CPU.Build.0 = Release|Any CPU
		{40C3308B-5065-42CF-A410-6F14916E5348}.Debug|Any CPU.ActiveCfg = Debug|Any CPU
		{40C3308B-5065-42CF-A410-6F14916E5348}.Debug|Any CPU.Build.0 = Debug|Any CPU
		{40C3308B-5065-42CF-A410-6F14916E5348}.Release|Any CPU.ActiveCfg = Release|Any CPU
		{40C3308B-5065-42CF-A410-6F14916E5348}.Release|Any CPU.Build.0 = Release|Any CPU
		{7BD71C1A-E948-41F6-BAAA-78348F5C8C4D}.Debug|Any CPU.ActiveCfg = Debug|Any CPU
		{7BD71C1A-E948-41F6-BAAA-78348F5C8C4D}.Debug|Any CPU.Build.0 = Debug|Any CPU
		{7BD71C1A-E948-41F6-BAAA-78348F5C8C4D}.Release|Any CPU.ActiveCfg = Release|Any CPU
		{7BD71C1A-E948-41F6-BAAA-78348F5C8C4D}.Release|Any CPU.Build.0 = Release|Any CPU
		{972EA3DA-A5BD-4866-A169-9AFE432F262B}.Debug|Any CPU.ActiveCfg = Debug|Any CPU
		{972EA3DA-A5BD-4866-A169-9AFE432F262B}.Debug|Any CPU.Build.0 = Debug|Any CPU
		{972EA3DA-A5BD-4866-A169-9AFE432F262B}.Release|Any CPU.ActiveCfg = Release|Any CPU
		{972EA3DA-A5BD-4866-A169-9AFE432F262B}.Release|Any CPU.Build.0 = Release|Any CPU
		{798D4A18-FE62-4521-8DD9-DEDA2E2FB70B}.Debug|Any CPU.ActiveCfg = Debug|Any CPU
		{798D4A18-FE62-4521-8DD9-DEDA2E2FB70B}.Debug|Any CPU.Build.0 = Debug|Any CPU
		{798D4A18-FE62-4521-8DD9-DEDA2E2FB70B}.Release|Any CPU.ActiveCfg = Release|Any CPU
		{798D4A18-FE62-4521-8DD9-DEDA2E2FB70B}.Release|Any CPU.Build.0 = Release|Any CPU
		{0351145F-591B-497E-AA50-EC7076F4849C}.Debug|Any CPU.ActiveCfg = Debug|Any CPU
		{0351145F-591B-497E-AA50-EC7076F4849C}.Debug|Any CPU.Build.0 = Debug|Any CPU
		{0351145F-591B-497E-AA50-EC7076F4849C}.Release|Any CPU.ActiveCfg = Release|Any CPU
		{0351145F-591B-497E-AA50-EC7076F4849C}.Release|Any CPU.Build.0 = Release|Any CPU
	EndGlobalSection
	GlobalSection(SolutionProperties) = preSolution
		HideSolutionNode = FALSE
	EndGlobalSection
	GlobalSection(ExtensibilityGlobals) = postSolution
		SolutionGuid = {D8C9DD40-5F33-4931-AC55-559D710B521D}
	EndGlobalSection
EndGlobal
