
Microsoft Visual Studio Solution File, Format Version 12.00
# Visual Studio Version 17
VisualStudioVersion = 17.2.32602.215
MinimumVisualStudioVersion = 10.0.40219.1
Project("{9A19103F-16F7-4668-BE54-9A1E7A4F7556}") = "BoxOfT", "BoxOfT\BoxOfT.csproj", "{12EB7160-1C73-4EB4-9E90-2841FDE2C5B4}"
EndProject
Project("{9A19103F-16F7-4668-BE54-9A1E7A4F7556}") = "GenericArrayCreator", "GenericArrayCreator\GenericArrayCreator.csproj", "{BC59872F-1DEC-42F2-AC88-2AF0DB543311}"
EndProject
Project("{FAE04EC0-301F-11D3-BF4B-00C04F79EFBC}") = "GenericScale", "GenericScale\GenericScale.csproj", "{A6D3184D-5646-4CC0-9142-F2BF0DA7C589}"
EndProject
Global
	GlobalSection(SolutionConfigurationPlatforms) = preSolution
		Debug|Any CPU = Debug|Any CPU
		Release|Any CPU = Release|Any CPU
	EndGlobalSection
	GlobalSection(ProjectConfigurationPlatforms) = postSolution
		{12EB7160-1C73-4EB4-9E90-2841FDE2C5B4}.Debug|Any CPU.ActiveCfg = Debug|Any CPU
		{12EB7160-1C73-4EB4-9E90-2841FDE2C5B4}.Debug|Any CPU.Build.0 = Debug|Any CPU
		{12EB7160-1C73-4EB4-9E90-2841FDE2C5B4}.Release|Any CPU.ActiveCfg = Release|Any CPU
		{12EB7160-1C73-4EB4-9E90-2841FDE2C5B4}.Release|Any CPU.Build.0 = Release|Any CPU
		{BC59872F-1DEC-42F2-AC88-2AF0DB543311}.Debug|Any CPU.ActiveCfg = Debug|Any CPU
		{BC59872F-1DEC-42F2-AC88-2AF0DB543311}.Debug|Any CPU.Build.0 = Debug|Any CPU
		{BC59872F-1DEC-42F2-AC88-2AF0DB543311}.Release|Any CPU.ActiveCfg = Release|Any CPU
		{BC59872F-1DEC-42F2-AC88-2AF0DB543311}.Release|Any CPU.Build.0 = Release|Any CPU
		{A6D3184D-5646-4CC0-9142-F2BF0DA7C589}.Debug|Any CPU.ActiveCfg = Debug|Any CPU
		{A6D3184D-5646-4CC0-9142-F2BF0DA7C589}.Debug|Any CPU.Build.0 = Debug|Any CPU
		{A6D3184D-5646-4CC0-9142-F2BF0DA7C589}.Release|Any CPU.ActiveCfg = Release|Any CPU
		{A6D3184D-5646-4CC0-9142-F2BF0DA7C589}.Release|Any CPU.Build.0 = Release|Any CPU
	EndGlobalSection
	GlobalSection(SolutionProperties) = preSolution
		HideSolutionNode = FALSE
	EndGlobalSection
	GlobalSection(ExtensibilityGlobals) = postSolution
		SolutionGuid = {6C67DDD8-B43D-43CE-B27E-9E1CCE7B667E}
	EndGlobalSection
EndGlobal
