
Microsoft Visual Studio Solution File, Format Version 12.00
# Visual Studio Version 17
VisualStudioVersion = 17.0.32112.339
MinimumVisualStudioVersion = 10.0.40219.1
Project("{FAE04EC0-301F-11D3-BF4B-00C04F79EFBC}") = "P01.ConsoleProgramHelloSoftUni", "P01.ConsoleProgramHelloSoftUni\P01.ConsoleProgramHelloSoftUni.csproj", "{F6F787D6-9CDF-49DD-A32B-0470C47A8F92}"
EndProject
Project("{FAE04EC0-301F-11D3-BF4B-00C04F79EFBC}") = "P02.TheNumberFrom1To10", "P02.TheNumberFrom1To10\P02.TheNumberFrom1To10.csproj", "{83B4A5DC-413D-4734-B793-63187F2EE028}"
EndProject
Project("{FAE04EC0-301F-11D3-BF4B-00C04F79EFBC}") = "P03.CalculateTheFaceOfARectangle", "P03.CalculateTheFaceOfARectangle\P03.CalculateTheFaceOfARectangle.csproj", "{92BC7548-6A68-48B5-A8FB-17A2DD15B12A}"
EndProject
Project("{FAE04EC0-301F-11D3-BF4B-00C04F79EFBC}") = "P04.Converter-InchesToCentimeters", "P04.Converter-InchesToCentimeters\P04.Converter-InchesToCentimeters.csproj", "{2B68EA94-975A-48CD-8905-D98D9E54C5F6}"
EndProject
Project("{FAE04EC0-301F-11D3-BF4B-00C04F79EFBC}") = "P05.GreetingsByName", "P05.GreetingsByName\P05.GreetingsByName.csproj", "{E6F7C125-615F-445A-A83D-93A14B05D028}"
EndProject
Project("{FAE04EC0-301F-11D3-BF4B-00C04F79EFBC}") = "P06.CombiningTextAndNumbers", "P06.CombiningTextAndNumbers\P06.CombiningTextAndNumbers.csproj", "{C4DD77D3-7CAF-4314-963B-0D36ABCE1376}"
EndProject
Project("{FAE04EC0-301F-11D3-BF4B-00C04F79EFBC}") = "P07.PreparationOfProjects", "P07.PreparationOfProjects\P07.PreparationOfProjects.csproj", "{4B1006C7-874C-4306-9CAB-E481A7BC747B}"
EndProject
Project("{FAE04EC0-301F-11D3-BF4B-00C04F79EFBC}") = "P08.PetShop", "P08.PetShop\P08.PetShop.csproj", "{0EC0E964-5A81-42A2-8271-DD3E772B80C2}"
EndProject
Project("{FAE04EC0-301F-11D3-BF4B-00C04F79EFBC}") = "P09.LandscapingOfYards", "P09.LandscapingOfYards\P09.LandscapingOfYards.csproj", "{E0A615C3-8C38-419B-80C2-0642D1E91ADF}"
EndProject
Global
	GlobalSection(SolutionConfigurationPlatforms) = preSolution
		Debug|Any CPU = Debug|Any CPU
		Release|Any CPU = Release|Any CPU
	EndGlobalSection
	GlobalSection(ProjectConfigurationPlatforms) = postSolution
		{F6F787D6-9CDF-49DD-A32B-0470C47A8F92}.Debug|Any CPU.ActiveCfg = Debug|Any CPU
		{F6F787D6-9CDF-49DD-A32B-0470C47A8F92}.Debug|Any CPU.Build.0 = Debug|Any CPU
		{F6F787D6-9CDF-49DD-A32B-0470C47A8F92}.Release|Any CPU.ActiveCfg = Release|Any CPU
		{F6F787D6-9CDF-49DD-A32B-0470C47A8F92}.Release|Any CPU.Build.0 = Release|Any CPU
		{83B4A5DC-413D-4734-B793-63187F2EE028}.Debug|Any CPU.ActiveCfg = Debug|Any CPU
		{83B4A5DC-413D-4734-B793-63187F2EE028}.Debug|Any CPU.Build.0 = Debug|Any CPU
		{83B4A5DC-413D-4734-B793-63187F2EE028}.Release|Any CPU.ActiveCfg = Release|Any CPU
		{83B4A5DC-413D-4734-B793-63187F2EE028}.Release|Any CPU.Build.0 = Release|Any CPU
		{92BC7548-6A68-48B5-A8FB-17A2DD15B12A}.Debug|Any CPU.ActiveCfg = Debug|Any CPU
		{92BC7548-6A68-48B5-A8FB-17A2DD15B12A}.Debug|Any CPU.Build.0 = Debug|Any CPU
		{92BC7548-6A68-48B5-A8FB-17A2DD15B12A}.Release|Any CPU.ActiveCfg = Release|Any CPU
		{92BC7548-6A68-48B5-A8FB-17A2DD15B12A}.Release|Any CPU.Build.0 = Release|Any CPU
		{2B68EA94-975A-48CD-8905-D98D9E54C5F6}.Debug|Any CPU.ActiveCfg = Debug|Any CPU
		{2B68EA94-975A-48CD-8905-D98D9E54C5F6}.Debug|Any CPU.Build.0 = Debug|Any CPU
		{2B68EA94-975A-48CD-8905-D98D9E54C5F6}.Release|Any CPU.ActiveCfg = Release|Any CPU
		{2B68EA94-975A-48CD-8905-D98D9E54C5F6}.Release|Any CPU.Build.0 = Release|Any CPU
		{E6F7C125-615F-445A-A83D-93A14B05D028}.Debug|Any CPU.ActiveCfg = Debug|Any CPU
		{E6F7C125-615F-445A-A83D-93A14B05D028}.Debug|Any CPU.Build.0 = Debug|Any CPU
		{E6F7C125-615F-445A-A83D-93A14B05D028}.Release|Any CPU.ActiveCfg = Release|Any CPU
		{E6F7C125-615F-445A-A83D-93A14B05D028}.Release|Any CPU.Build.0 = Release|Any CPU
		{C4DD77D3-7CAF-4314-963B-0D36ABCE1376}.Debug|Any CPU.ActiveCfg = Debug|Any CPU
		{C4DD77D3-7CAF-4314-963B-0D36ABCE1376}.Debug|Any CPU.Build.0 = Debug|Any CPU
		{C4DD77D3-7CAF-4314-963B-0D36ABCE1376}.Release|Any CPU.ActiveCfg = Release|Any CPU
		{C4DD77D3-7CAF-4314-963B-0D36ABCE1376}.Release|Any CPU.Build.0 = Release|Any CPU
		{4B1006C7-874C-4306-9CAB-E481A7BC747B}.Debug|Any CPU.ActiveCfg = Debug|Any CPU
		{4B1006C7-874C-4306-9CAB-E481A7BC747B}.Debug|Any CPU.Build.0 = Debug|Any CPU
		{4B1006C7-874C-4306-9CAB-E481A7BC747B}.Release|Any CPU.ActiveCfg = Release|Any CPU
		{4B1006C7-874C-4306-9CAB-E481A7BC747B}.Release|Any CPU.Build.0 = Release|Any CPU
		{0EC0E964-5A81-42A2-8271-DD3E772B80C2}.Debug|Any CPU.ActiveCfg = Debug|Any CPU
		{0EC0E964-5A81-42A2-8271-DD3E772B80C2}.Debug|Any CPU.Build.0 = Debug|Any CPU
		{0EC0E964-5A81-42A2-8271-DD3E772B80C2}.Release|Any CPU.ActiveCfg = Release|Any CPU
		{0EC0E964-5A81-42A2-8271-DD3E772B80C2}.Release|Any CPU.Build.0 = Release|Any CPU
		{E0A615C3-8C38-419B-80C2-0642D1E91ADF}.Debug|Any CPU.ActiveCfg = Debug|Any CPU
		{E0A615C3-8C38-419B-80C2-0642D1E91ADF}.Debug|Any CPU.Build.0 = Debug|Any CPU
		{E0A615C3-8C38-419B-80C2-0642D1E91ADF}.Release|Any CPU.ActiveCfg = Release|Any CPU
		{E0A615C3-8C38-419B-80C2-0642D1E91ADF}.Release|Any CPU.Build.0 = Release|Any CPU
	EndGlobalSection
	GlobalSection(SolutionProperties) = preSolution
		HideSolutionNode = FALSE
	EndGlobalSection
	GlobalSection(ExtensibilityGlobals) = postSolution
		SolutionGuid = {FA7F55DB-5BFE-4646-8824-60746B57CCFA}
	EndGlobalSection
EndGlobal
