
Microsoft Visual Studio Solution File, Format Version 12.00
# Visual Studio Version 17
VisualStudioVersion = 17.3.32804.467
MinimumVisualStudioVersion = 10.0.40219.1
Project("{FAE04EC0-301F-11D3-BF4B-00C04F79EFBC}") = "P01.TestAxe", "P01.TestAxe\P01.TestAxe.csproj", "{45278DE0-8B54-48D4-8EED-848031F0D3BF}"
EndProject
Project("{FAE04EC0-301F-11D3-BF4B-00C04F79EFBC}") = "Tests", "Tests\Tests.csproj", "{F26D2714-6627-463C-AF0F-504AFCFE9357}"
EndProject
Project("{FAE04EC0-301F-11D3-BF4B-00C04F79EFBC}") = "P02.TestDummy", "P02.TestDummy\P02.TestDummy.csproj", "{59FB26BF-2FE2-4952-A85B-D0800CDDBE78}"
EndProject
Project("{FAE04EC0-301F-11D3-BF4B-00C04F79EFBC}") = "Tests2", "Tests2\Tests2.csproj", "{1CA18110-972E-4143-87BE-BCD5FE2183CB}"
EndProject
Global
	GlobalSection(SolutionConfigurationPlatforms) = preSolution
		Debug|Any CPU = Debug|Any CPU
		Release|Any CPU = Release|Any CPU
	EndGlobalSection
	GlobalSection(ProjectConfigurationPlatforms) = postSolution
		{45278DE0-8B54-48D4-8EED-848031F0D3BF}.Debug|Any CPU.ActiveCfg = Debug|Any CPU
		{45278DE0-8B54-48D4-8EED-848031F0D3BF}.Debug|Any CPU.Build.0 = Debug|Any CPU
		{45278DE0-8B54-48D4-8EED-848031F0D3BF}.Release|Any CPU.ActiveCfg = Release|Any CPU
		{45278DE0-8B54-48D4-8EED-848031F0D3BF}.Release|Any CPU.Build.0 = Release|Any CPU
		{F26D2714-6627-463C-AF0F-504AFCFE9357}.Debug|Any CPU.ActiveCfg = Debug|Any CPU
		{F26D2714-6627-463C-AF0F-504AFCFE9357}.Debug|Any CPU.Build.0 = Debug|Any CPU
		{F26D2714-6627-463C-AF0F-504AFCFE9357}.Release|Any CPU.ActiveCfg = Release|Any CPU
		{F26D2714-6627-463C-AF0F-504AFCFE9357}.Release|Any CPU.Build.0 = Release|Any CPU
		{59FB26BF-2FE2-4952-A85B-D0800CDDBE78}.Debug|Any CPU.ActiveCfg = Debug|Any CPU
		{59FB26BF-2FE2-4952-A85B-D0800CDDBE78}.Debug|Any CPU.Build.0 = Debug|Any CPU
		{59FB26BF-2FE2-4952-A85B-D0800CDDBE78}.Release|Any CPU.ActiveCfg = Release|Any CPU
		{59FB26BF-2FE2-4952-A85B-D0800CDDBE78}.Release|Any CPU.Build.0 = Release|Any CPU
		{1CA18110-972E-4143-87BE-BCD5FE2183CB}.Debug|Any CPU.ActiveCfg = Debug|Any CPU
		{1CA18110-972E-4143-87BE-BCD5FE2183CB}.Debug|Any CPU.Build.0 = Debug|Any CPU
		{1CA18110-972E-4143-87BE-BCD5FE2183CB}.Release|Any CPU.ActiveCfg = Release|Any CPU
		{1CA18110-972E-4143-87BE-BCD5FE2183CB}.Release|Any CPU.Build.0 = Release|Any CPU
	EndGlobalSection
	GlobalSection(SolutionProperties) = preSolution
		HideSolutionNode = FALSE
	EndGlobalSection
	GlobalSection(ExtensibilityGlobals) = postSolution
		SolutionGuid = {D1893200-4B54-44AF-B75A-305E3A26EFBA}
	EndGlobalSection
EndGlobal
