
Microsoft Visual Studio Solution File, Format Version 12.00
# Visual Studio Version 17
VisualStudioVersion = 17.5.33414.496
MinimumVisualStudioVersion = 10.0.40219.1
Project("{9A19103F-16F7-4668-BE54-9A1E7A4F7556}") = "P01_StudentSystem", "P01_StudentSystem\P01_StudentSystem.csproj", "{26C5192E-5397-49CF-A431-EDF8C5090A2B}"
EndProject
Project("{9A19103F-16F7-4668-BE54-9A1E7A4F7556}") = "P01_StudentSystem.Data", "P01_StudentSystem.Data\P01_StudentSystem.Data.csproj", "{65B335FD-0BE2-49BF-B8F0-D3A9DC40BFD4}"
EndProject
Project("{9A19103F-16F7-4668-BE54-9A1E7A4F7556}") = "P01_StudentSystem.Data.Models", "P01_StudentSystem.Data.Models\P01_StudentSystem.Data.Models.csproj", "{D88792C8-F97F-4C30-B905-11695EEE7598}"
EndProject
Project("{FAE04EC0-301F-11D3-BF4B-00C04F79EFBC}") = "P02_FootballBetting", "P02_FootballBetting\P02_FootballBetting.csproj", "{844EBFD4-212C-45B8-A595-9CE56B7BB1A3}"
EndProject
Project("{FAE04EC0-301F-11D3-BF4B-00C04F79EFBC}") = "P02_FootballBetting.Data", "P02_FootballBetting.Data\P02_FootballBetting.Data.csproj", "{F34C68C7-4B53-4F45-B04E-F16349FFAAD4}"
EndProject
Project("{FAE04EC0-301F-11D3-BF4B-00C04F79EFBC}") = "P02_FootballBetting.Data.Models", "P02_FootballBetting.Data.Models\P02_FootballBetting.Data.Models.csproj", "{EDB8704A-3B79-4E05-8AF8-F1CCCC7C376A}"
EndProject
Global
	GlobalSection(SolutionConfigurationPlatforms) = preSolution
		Debug|Any CPU = Debug|Any CPU
		Release|Any CPU = Release|Any CPU
	EndGlobalSection
	GlobalSection(ProjectConfigurationPlatforms) = postSolution
		{26C5192E-5397-49CF-A431-EDF8C5090A2B}.Debug|Any CPU.ActiveCfg = Debug|Any CPU
		{26C5192E-5397-49CF-A431-EDF8C5090A2B}.Debug|Any CPU.Build.0 = Debug|Any CPU
		{26C5192E-5397-49CF-A431-EDF8C5090A2B}.Release|Any CPU.ActiveCfg = Release|Any CPU
		{26C5192E-5397-49CF-A431-EDF8C5090A2B}.Release|Any CPU.Build.0 = Release|Any CPU
		{65B335FD-0BE2-49BF-B8F0-D3A9DC40BFD4}.Debug|Any CPU.ActiveCfg = Debug|Any CPU
		{65B335FD-0BE2-49BF-B8F0-D3A9DC40BFD4}.Debug|Any CPU.Build.0 = Debug|Any CPU
		{65B335FD-0BE2-49BF-B8F0-D3A9DC40BFD4}.Release|Any CPU.ActiveCfg = Release|Any CPU
		{65B335FD-0BE2-49BF-B8F0-D3A9DC40BFD4}.Release|Any CPU.Build.0 = Release|Any CPU
		{D88792C8-F97F-4C30-B905-11695EEE7598}.Debug|Any CPU.ActiveCfg = Debug|Any CPU
		{D88792C8-F97F-4C30-B905-11695EEE7598}.Debug|Any CPU.Build.0 = Debug|Any CPU
		{D88792C8-F97F-4C30-B905-11695EEE7598}.Release|Any CPU.ActiveCfg = Release|Any CPU
		{D88792C8-F97F-4C30-B905-11695EEE7598}.Release|Any CPU.Build.0 = Release|Any CPU
		{844EBFD4-212C-45B8-A595-9CE56B7BB1A3}.Debug|Any CPU.ActiveCfg = Debug|Any CPU
		{844EBFD4-212C-45B8-A595-9CE56B7BB1A3}.Debug|Any CPU.Build.0 = Debug|Any CPU
		{844EBFD4-212C-45B8-A595-9CE56B7BB1A3}.Release|Any CPU.ActiveCfg = Release|Any CPU
		{844EBFD4-212C-45B8-A595-9CE56B7BB1A3}.Release|Any CPU.Build.0 = Release|Any CPU
		{F34C68C7-4B53-4F45-B04E-F16349FFAAD4}.Debug|Any CPU.ActiveCfg = Debug|Any CPU
		{F34C68C7-4B53-4F45-B04E-F16349FFAAD4}.Debug|Any CPU.Build.0 = Debug|Any CPU
		{F34C68C7-4B53-4F45-B04E-F16349FFAAD4}.Release|Any CPU.ActiveCfg = Release|Any CPU
		{F34C68C7-4B53-4F45-B04E-F16349FFAAD4}.Release|Any CPU.Build.0 = Release|Any CPU
		{EDB8704A-3B79-4E05-8AF8-F1CCCC7C376A}.Debug|Any CPU.ActiveCfg = Debug|Any CPU
		{EDB8704A-3B79-4E05-8AF8-F1CCCC7C376A}.Debug|Any CPU.Build.0 = Debug|Any CPU
		{EDB8704A-3B79-4E05-8AF8-F1CCCC7C376A}.Release|Any CPU.ActiveCfg = Release|Any CPU
		{EDB8704A-3B79-4E05-8AF8-F1CCCC7C376A}.Release|Any CPU.Build.0 = Release|Any CPU
	EndGlobalSection
	GlobalSection(SolutionProperties) = preSolution
		HideSolutionNode = FALSE
	EndGlobalSection
	GlobalSection(ExtensibilityGlobals) = postSolution
		SolutionGuid = {B0F80F22-ABA9-4892-B9D6-59856F4CEDC4}
	EndGlobalSection
EndGlobal
