
Microsoft Visual Studio Solution File, Format Version 12.00
# Visual Studio Version 17
VisualStudioVersion = 17.1.32210.238
MinimumVisualStudioVersion = 10.0.40219.1
Project("{FAE04EC0-301F-11D3-BF4B-00C04F79EFBC}") = "P01.Train", "P01.Train\P01.Train.csproj", "{2B85C4FB-53BF-4CB3-A5BA-20D57F0A5F81}"
EndProject
Project("{FAE04EC0-301F-11D3-BF4B-00C04F79EFBC}") = "P02.Change List", "P02.Change List\P02.Change List.csproj", "{BD273640-A48A-4378-8883-5F3D14CD8BCA}"
EndProject
Project("{FAE04EC0-301F-11D3-BF4B-00C04F79EFBC}") = "P03.House Party", "P03.House Party\P03.House Party.csproj", "{3067952F-DDDF-47EC-AF66-E3C086BD800C}"
EndProject
Project("{FAE04EC0-301F-11D3-BF4B-00C04F79EFBC}") = "P04.List Operations", "P04.List Operations\P04.List Operations.csproj", "{7BF153D4-06C0-41ED-BFEF-3D61EB99EAB4}"
EndProject
Project("{FAE04EC0-301F-11D3-BF4B-00C04F79EFBC}") = "P05.Bomb Numbers", "P05.Bomb Numbers\P05.Bomb Numbers.csproj", "{8064112F-6CF1-4EDD-9626-35CED67BF8C3}"
EndProject
Project("{FAE04EC0-301F-11D3-BF4B-00C04F79EFBC}") = "P06.Cards Game", "P06.Cards Game\P06.Cards Game.csproj", "{78A12ED0-2125-4098-86C0-360CDDD8451B}"
EndProject
Project("{FAE04EC0-301F-11D3-BF4B-00C04F79EFBC}") = "P07.Append Arrays", "P07.Append Arrays\P07.Append Arrays.csproj", "{EDA6F5E5-4E21-4377-B405-FD6E60630994}"
EndProject
Project("{FAE04EC0-301F-11D3-BF4B-00C04F79EFBC}") = "P08. - Anonymous Threat", "P08. - Anonymous Threat\P08. - Anonymous Threat.csproj", "{C33BD39E-D6B0-42E2-A4BE-1D1FC3B9DC30}"
EndProject
Project("{FAE04EC0-301F-11D3-BF4B-00C04F79EFBC}") = "P09. - Pokemon Don’t Go", "P09. - Pokemon Don’t Go\P09. - Pokemon Don’t Go.csproj", "{86270852-B0E3-4AC7-AEC8-C1F5DEC1F6F5}"
EndProject
Project("{FAE04EC0-301F-11D3-BF4B-00C04F79EFBC}") = "P10.  - SoftUni Course Planning", "P10.  - SoftUni Course Planning\P10.  - SoftUni Course Planning.csproj", "{3A0330D2-AFF1-4984-8618-C2F4553A5A52}"
EndProject
Global
	GlobalSection(SolutionConfigurationPlatforms) = preSolution
		Debug|Any CPU = Debug|Any CPU
		Release|Any CPU = Release|Any CPU
	EndGlobalSection
	GlobalSection(ProjectConfigurationPlatforms) = postSolution
		{2B85C4FB-53BF-4CB3-A5BA-20D57F0A5F81}.Debug|Any CPU.ActiveCfg = Debug|Any CPU
		{2B85C4FB-53BF-4CB3-A5BA-20D57F0A5F81}.Debug|Any CPU.Build.0 = Debug|Any CPU
		{2B85C4FB-53BF-4CB3-A5BA-20D57F0A5F81}.Release|Any CPU.ActiveCfg = Release|Any CPU
		{2B85C4FB-53BF-4CB3-A5BA-20D57F0A5F81}.Release|Any CPU.Build.0 = Release|Any CPU
		{BD273640-A48A-4378-8883-5F3D14CD8BCA}.Debug|Any CPU.ActiveCfg = Debug|Any CPU
		{BD273640-A48A-4378-8883-5F3D14CD8BCA}.Debug|Any CPU.Build.0 = Debug|Any CPU
		{BD273640-A48A-4378-8883-5F3D14CD8BCA}.Release|Any CPU.ActiveCfg = Release|Any CPU
		{BD273640-A48A-4378-8883-5F3D14CD8BCA}.Release|Any CPU.Build.0 = Release|Any CPU
		{3067952F-DDDF-47EC-AF66-E3C086BD800C}.Debug|Any CPU.ActiveCfg = Debug|Any CPU
		{3067952F-DDDF-47EC-AF66-E3C086BD800C}.Debug|Any CPU.Build.0 = Debug|Any CPU
		{3067952F-DDDF-47EC-AF66-E3C086BD800C}.Release|Any CPU.ActiveCfg = Release|Any CPU
		{3067952F-DDDF-47EC-AF66-E3C086BD800C}.Release|Any CPU.Build.0 = Release|Any CPU
		{7BF153D4-06C0-41ED-BFEF-3D61EB99EAB4}.Debug|Any CPU.ActiveCfg = Debug|Any CPU
		{7BF153D4-06C0-41ED-BFEF-3D61EB99EAB4}.Debug|Any CPU.Build.0 = Debug|Any CPU
		{7BF153D4-06C0-41ED-BFEF-3D61EB99EAB4}.Release|Any CPU.ActiveCfg = Release|Any CPU
		{7BF153D4-06C0-41ED-BFEF-3D61EB99EAB4}.Release|Any CPU.Build.0 = Release|Any CPU
		{8064112F-6CF1-4EDD-9626-35CED67BF8C3}.Debug|Any CPU.ActiveCfg = Debug|Any CPU
		{8064112F-6CF1-4EDD-9626-35CED67BF8C3}.Debug|Any CPU.Build.0 = Debug|Any CPU
		{8064112F-6CF1-4EDD-9626-35CED67BF8C3}.Release|Any CPU.ActiveCfg = Release|Any CPU
		{8064112F-6CF1-4EDD-9626-35CED67BF8C3}.Release|Any CPU.Build.0 = Release|Any CPU
		{78A12ED0-2125-4098-86C0-360CDDD8451B}.Debug|Any CPU.ActiveCfg = Debug|Any CPU
		{78A12ED0-2125-4098-86C0-360CDDD8451B}.Debug|Any CPU.Build.0 = Debug|Any CPU
		{78A12ED0-2125-4098-86C0-360CDDD8451B}.Release|Any CPU.ActiveCfg = Release|Any CPU
		{78A12ED0-2125-4098-86C0-360CDDD8451B}.Release|Any CPU.Build.0 = Release|Any CPU
		{EDA6F5E5-4E21-4377-B405-FD6E60630994}.Debug|Any CPU.ActiveCfg = Debug|Any CPU
		{EDA6F5E5-4E21-4377-B405-FD6E60630994}.Debug|Any CPU.Build.0 = Debug|Any CPU
		{EDA6F5E5-4E21-4377-B405-FD6E60630994}.Release|Any CPU.ActiveCfg = Release|Any CPU
		{EDA6F5E5-4E21-4377-B405-FD6E60630994}.Release|Any CPU.Build.0 = Release|Any CPU
		{C33BD39E-D6B0-42E2-A4BE-1D1FC3B9DC30}.Debug|Any CPU.ActiveCfg = Debug|Any CPU
		{C33BD39E-D6B0-42E2-A4BE-1D1FC3B9DC30}.Debug|Any CPU.Build.0 = Debug|Any CPU
		{C33BD39E-D6B0-42E2-A4BE-1D1FC3B9DC30}.Release|Any CPU.ActiveCfg = Release|Any CPU
		{C33BD39E-D6B0-42E2-A4BE-1D1FC3B9DC30}.Release|Any CPU.Build.0 = Release|Any CPU
		{86270852-B0E3-4AC7-AEC8-C1F5DEC1F6F5}.Debug|Any CPU.ActiveCfg = Debug|Any CPU
		{86270852-B0E3-4AC7-AEC8-C1F5DEC1F6F5}.Debug|Any CPU.Build.0 = Debug|Any CPU
		{86270852-B0E3-4AC7-AEC8-C1F5DEC1F6F5}.Release|Any CPU.ActiveCfg = Release|Any CPU
		{86270852-B0E3-4AC7-AEC8-C1F5DEC1F6F5}.Release|Any CPU.Build.0 = Release|Any CPU
		{3A0330D2-AFF1-4984-8618-C2F4553A5A52}.Debug|Any CPU.ActiveCfg = Debug|Any CPU
		{3A0330D2-AFF1-4984-8618-C2F4553A5A52}.Debug|Any CPU.Build.0 = Debug|Any CPU
		{3A0330D2-AFF1-4984-8618-C2F4553A5A52}.Release|Any CPU.ActiveCfg = Release|Any CPU
		{3A0330D2-AFF1-4984-8618-C2F4553A5A52}.Release|Any CPU.Build.0 = Release|Any CPU
	EndGlobalSection
	GlobalSection(SolutionProperties) = preSolution
		HideSolutionNode = FALSE
	EndGlobalSection
	GlobalSection(ExtensibilityGlobals) = postSolution
		SolutionGuid = {77DE83BF-AA63-4661-88C5-66076EDDF770}
	EndGlobalSection
EndGlobal
